
Microsoft Visual Studio Solution File, Format Version 12.00
# Visual Studio 15
VisualStudioVersion = 15.0.27703.2000
MinimumVisualStudioVersion = 10.0.40219.1
Project("{8BC9CEB8-8B4A-11D0-8D11-00A0C91BC942}") = "ADC Test", "C:\Users\MQ Crexcel\Documents\Arduino\ADC Test\ADC Test.vcxproj", "{BFB84BC5-F8C2-4E50-A54E-A921E1A08DEA}"
EndProject
Global
	GlobalSection(SolutionConfigurationPlatforms) = preSolution
		Debug|x86 = Debug|x86
		Release|x86 = Release|x86
	EndGlobalSection
	GlobalSection(ProjectConfigurationPlatforms) = postSolution
		{BFB84BC5-F8C2-4E50-A54E-A921E1A08DEA}.Debug|x86.ActiveCfg = Debug|Win32
		{BFB84BC5-F8C2-4E50-A54E-A921E1A08DEA}.Debug|x86.Build.0 = Debug|Win32
		{BFB84BC5-F8C2-4E50-A54E-A921E1A08DEA}.Release|x86.ActiveCfg = Release|Win32
		{BFB84BC5-F8C2-4E50-A54E-A921E1A08DEA}.Release|x86.Build.0 = Release|Win32
	EndGlobalSection
	GlobalSection(SolutionProperties) = preSolution
		HideSolutionNode = FALSE
	EndGlobalSection
	GlobalSection(ExtensibilityGlobals) = postSolution
		SolutionGuid = {18FABE75-CDF5-4C26-AF95-6BFDBF55605A}
	EndGlobalSection
EndGlobal
